
Microsoft Visual Studio Solution File, Format Version 12.00
# Visual Studio 15
VisualStudioVersion = 15.0.28307.539
MinimumVisualStudioVersion = 10.0.40219.1
Project("{9A19103F-16F7-4668-BE54-9A1E7A4F7556}") = "AnomalyWeb", "AnomalyWeb\AnomalyWeb.csproj", "{B58E6F02-D4C4-44D6-BB72-55C872057DCA}"
EndProject
Global
	GlobalSection(SolutionConfigurationPlatforms) = preSolution
		Debug|Any CPU = Debug|Any CPU
		Release|Any CPU = Release|Any CPU
	EndGlobalSection
	GlobalSection(ProjectConfigurationPlatforms) = postSolution
		{B58E6F02-D4C4-44D6-BB72-55C872057DCA}.Debug|Any CPU.ActiveCfg = Debug|Any CPU
		{B58E6F02-D4C4-44D6-BB72-55C872057DCA}.Debug|Any CPU.Build.0 = Debug|Any CPU
		{B58E6F02-D4C4-44D6-BB72-55C872057DCA}.Release|Any CPU.ActiveCfg = Release|Any CPU
		{B58E6F02-D4C4-44D6-BB72-55C872057DCA}.Release|Any CPU.Build.0 = Release|Any CPU
	EndGlobalSection
	GlobalSection(SolutionProperties) = preSolution
		HideSolutionNode = FALSE
	EndGlobalSection
	GlobalSection(ExtensibilityGlobals) = postSolution
		SolutionGuid = {CDC8AF6F-0A83-44D8-BE6E-2CD0C645DEC7}
	EndGlobalSection
EndGlobal
